
Microsoft Visual Studio Solution File, Format Version 12.00
# Visual Studio Version 16
VisualStudioVersion = 16.0.31025.194
MinimumVisualStudioVersion = 10.0.40219.1
Project("{FAE04EC0-301F-11D3-BF4B-00C04F79EFBC}") = "TinyFatFS", "TinyFatFS\TinyFatFS.csproj", "{0E14A0CF-5EEB-4A4F-8FFA-BABF2D30E832}"
EndProject
Project("{FAE04EC0-301F-11D3-BF4B-00C04F79EFBC}") = "TestFatFS", "TestFatFS\TestFatFS.csproj", "{7ACADBC4-CD3D-46A1-B8A7-B0849417284E}"
EndProject
Project("{FAE04EC0-301F-11D3-BF4B-00C04F79EFBC}") = "GHIElectronics.TinyCLR.IO", "GHIElectronics.TinyCLR.IO\GHIElectronics.TinyCLR.IO.csproj", "{EEE2E56E-E834-4555-BBC6-66971C998496}"
EndProject
Project("{FAE04EC0-301F-11D3-BF4B-00C04F79EFBC}") = "GHIElectronics.TinyCLR.Devices.Storage", "GHIElectronics.TinyCLR.Devices.Storage\GHIElectronics.TinyCLR.Devices.Storage.csproj", "{657A7B38-BA71-4442-A83D-6476E7CBC6CD}"
EndProject
Project("{2150E333-8FDC-42A3-9474-1A3956D46DE8}") = "Libs", "Libs", "{B726FB1D-0DA1-4903-BD1E-E851F9C8B9CF}"
EndProject
Project("{FAE04EC0-301F-11D3-BF4B-00C04F79EFBC}") = "GHIElectronics.TinyCLR.SDCard", "GHIElectronics.TinyCLR.SDCard\GHIElectronics.TinyCLR.SDCard.csproj", "{B74B1B12-AEA4-41A8-A5D2-6C9423889E29}"
EndProject
Global
	GlobalSection(SolutionConfigurationPlatforms) = preSolution
		Debug|Any CPU = Debug|Any CPU
		Release|Any CPU = Release|Any CPU
	EndGlobalSection
	GlobalSection(ProjectConfigurationPlatforms) = postSolution
		{0E14A0CF-5EEB-4A4F-8FFA-BABF2D30E832}.Debug|Any CPU.ActiveCfg = Debug|Any CPU
		{0E14A0CF-5EEB-4A4F-8FFA-BABF2D30E832}.Debug|Any CPU.Build.0 = Debug|Any CPU
		{0E14A0CF-5EEB-4A4F-8FFA-BABF2D30E832}.Release|Any CPU.ActiveCfg = Release|Any CPU
		{0E14A0CF-5EEB-4A4F-8FFA-BABF2D30E832}.Release|Any CPU.Build.0 = Release|Any CPU
		{7ACADBC4-CD3D-46A1-B8A7-B0849417284E}.Debug|Any CPU.ActiveCfg = Debug|Any CPU
		{7ACADBC4-CD3D-46A1-B8A7-B0849417284E}.Debug|Any CPU.Build.0 = Debug|Any CPU
		{7ACADBC4-CD3D-46A1-B8A7-B0849417284E}.Debug|Any CPU.Deploy.0 = Debug|Any CPU
		{7ACADBC4-CD3D-46A1-B8A7-B0849417284E}.Release|Any CPU.ActiveCfg = Release|Any CPU
		{7ACADBC4-CD3D-46A1-B8A7-B0849417284E}.Release|Any CPU.Build.0 = Release|Any CPU
		{7ACADBC4-CD3D-46A1-B8A7-B0849417284E}.Release|Any CPU.Deploy.0 = Release|Any CPU
		{EEE2E56E-E834-4555-BBC6-66971C998496}.Debug|Any CPU.ActiveCfg = Debug|Any CPU
		{EEE2E56E-E834-4555-BBC6-66971C998496}.Debug|Any CPU.Build.0 = Debug|Any CPU
		{EEE2E56E-E834-4555-BBC6-66971C998496}.Release|Any CPU.ActiveCfg = Release|Any CPU
		{EEE2E56E-E834-4555-BBC6-66971C998496}.Release|Any CPU.Build.0 = Release|Any CPU
		{657A7B38-BA71-4442-A83D-6476E7CBC6CD}.Debug|Any CPU.ActiveCfg = Debug|Any CPU
		{657A7B38-BA71-4442-A83D-6476E7CBC6CD}.Debug|Any CPU.Build.0 = Debug|Any CPU
		{657A7B38-BA71-4442-A83D-6476E7CBC6CD}.Release|Any CPU.ActiveCfg = Release|Any CPU
		{657A7B38-BA71-4442-A83D-6476E7CBC6CD}.Release|Any CPU.Build.0 = Release|Any CPU
		{B74B1B12-AEA4-41A8-A5D2-6C9423889E29}.Debug|Any CPU.ActiveCfg = Debug|Any CPU
		{B74B1B12-AEA4-41A8-A5D2-6C9423889E29}.Debug|Any CPU.Build.0 = Debug|Any CPU
		{B74B1B12-AEA4-41A8-A5D2-6C9423889E29}.Release|Any CPU.ActiveCfg = Release|Any CPU
		{B74B1B12-AEA4-41A8-A5D2-6C9423889E29}.Release|Any CPU.Build.0 = Release|Any CPU
	EndGlobalSection
	GlobalSection(SolutionProperties) = preSolution
		HideSolutionNode = FALSE
	EndGlobalSection
	GlobalSection(NestedProjects) = preSolution
		{EEE2E56E-E834-4555-BBC6-66971C998496} = {B726FB1D-0DA1-4903-BD1E-E851F9C8B9CF}
		{657A7B38-BA71-4442-A83D-6476E7CBC6CD} = {B726FB1D-0DA1-4903-BD1E-E851F9C8B9CF}
		{B74B1B12-AEA4-41A8-A5D2-6C9423889E29} = {B726FB1D-0DA1-4903-BD1E-E851F9C8B9CF}
	EndGlobalSection
	GlobalSection(ExtensibilityGlobals) = postSolution
		SolutionGuid = {B83599F6-336F-49D2-A1C8-C2F675E4F404}
	EndGlobalSection
EndGlobal
